
Microsoft Visual Studio Solution File, Format Version 12.00
# Visual Studio 2015
Project("{FAE04EC0-301F-11D3-BF4B-00C04F79EFBC}") = "Master STP Version 0.55.CSharp.Plugins", "Master STP Version 0.55.CSharp.Plugins.csproj", "{72333D69-46B8-96D7-A253-6D4161347D19}"
EndProject
Project("{FAE04EC0-301F-11D3-BF4B-00C04F79EFBC}") = "Master STP Version 0.55.CSharp", "Master STP Version 0.55.CSharp.csproj", "{EFA76251-5165-7612-2F21-33F500F77499}"
EndProject
Project("{FAE04EC0-301F-11D3-BF4B-00C04F79EFBC}") = "Master STP Version 0.55.CSharp.Editor", "Master STP Version 0.55.CSharp.Editor.csproj", "{3CE03CB7-4979-F08B-FCB6-12DC036BFCE8}"
EndProject
Global
	GlobalSection(SolutionConfigurationPlatforms) = preSolution
		Debug|Any CPU = Debug|Any CPU
		Release|Any CPU = Release|Any CPU
	EndGlobalSection
	GlobalSection(ProjectConfigurationPlatforms) = postSolution
		{72333D69-46B8-96D7-A253-6D4161347D19}.Debug|Any CPU.ActiveCfg = Debug|Any CPU
		{72333D69-46B8-96D7-A253-6D4161347D19}.Debug|Any CPU.Build.0 = Debug|Any CPU
		{72333D69-46B8-96D7-A253-6D4161347D19}.Release|Any CPU.ActiveCfg = Release|Any CPU
		{72333D69-46B8-96D7-A253-6D4161347D19}.Release|Any CPU.Build.0 = Release|Any CPU
		{EFA76251-5165-7612-2F21-33F500F77499}.Debug|Any CPU.ActiveCfg = Debug|Any CPU
		{EFA76251-5165-7612-2F21-33F500F77499}.Debug|Any CPU.Build.0 = Debug|Any CPU
		{EFA76251-5165-7612-2F21-33F500F77499}.Release|Any CPU.ActiveCfg = Release|Any CPU
		{EFA76251-5165-7612-2F21-33F500F77499}.Release|Any CPU.Build.0 = Release|Any CPU
		{3CE03CB7-4979-F08B-FCB6-12DC036BFCE8}.Debug|Any CPU.ActiveCfg = Debug|Any CPU
		{3CE03CB7-4979-F08B-FCB6-12DC036BFCE8}.Debug|Any CPU.Build.0 = Debug|Any CPU
		{3CE03CB7-4979-F08B-FCB6-12DC036BFCE8}.Release|Any CPU.ActiveCfg = Release|Any CPU
		{3CE03CB7-4979-F08B-FCB6-12DC036BFCE8}.Release|Any CPU.Build.0 = Release|Any CPU
	EndGlobalSection
	GlobalSection(SolutionProperties) = preSolution
		HideSolutionNode = FALSE
	EndGlobalSection
EndGlobal
