Microsoft Visual Studio Solution File, Format Version 11.00
# Visual Studio 2008

Project("{EF063C46-2353-03FF-D283-58282D39A290}") = "Master STP Version 0.55", "Assembly-CSharp-firstpass-vs.csproj", "{480BE56F-C044-9D50-DB40-05BC383869D1}"
EndProject
Project("{EF063C46-2353-03FF-D283-58282D39A290}") = "Master STP Version 0.55", "Assembly-CSharp-vs.csproj", "{674A759D-C9B1-E827-306F-7DFF07C83FBF}"
EndProject
Project("{EF063C46-2353-03FF-D283-58282D39A290}") = "Master STP Version 0.55", "Assembly-CSharp-Editor-vs.csproj", "{CC8CCF64-654A-7366-7853-6224E8ACDB29}"
EndProject
Global
	GlobalSection(SolutionConfigurationPlatforms) = preSolution
		Debug|Any CPU = Debug|Any CPU
		Release|Any CPU = Release|Any CPU
	EndGlobalSection
	GlobalSection(ProjectConfigurationPlatforms) = postSolution
		{480BE56F-C044-9D50-DB40-05BC383869D1}.Debug|Any CPU.ActiveCfg = Debug|Any CPU
		{480BE56F-C044-9D50-DB40-05BC383869D1}.Debug|Any CPU.Build.0 = Debug|Any CPU
		{480BE56F-C044-9D50-DB40-05BC383869D1}.Release|Any CPU.ActiveCfg = Release|Any CPU
		{480BE56F-C044-9D50-DB40-05BC383869D1}.Release|Any CPU.Build.0 = Release|Any CPU
		{674A759D-C9B1-E827-306F-7DFF07C83FBF}.Debug|Any CPU.ActiveCfg = Debug|Any CPU
		{674A759D-C9B1-E827-306F-7DFF07C83FBF}.Debug|Any CPU.Build.0 = Debug|Any CPU
		{674A759D-C9B1-E827-306F-7DFF07C83FBF}.Release|Any CPU.ActiveCfg = Release|Any CPU
		{674A759D-C9B1-E827-306F-7DFF07C83FBF}.Release|Any CPU.Build.0 = Release|Any CPU
		{CC8CCF64-654A-7366-7853-6224E8ACDB29}.Debug|Any CPU.ActiveCfg = Debug|Any CPU
		{CC8CCF64-654A-7366-7853-6224E8ACDB29}.Debug|Any CPU.Build.0 = Debug|Any CPU
		{CC8CCF64-654A-7366-7853-6224E8ACDB29}.Release|Any CPU.ActiveCfg = Release|Any CPU
		{CC8CCF64-654A-7366-7853-6224E8ACDB29}.Release|Any CPU.Build.0 = Release|Any CPU
	EndGlobalSection
	GlobalSection(SolutionProperties) = preSolution
		HideSolutionNode = FALSE
	EndGlobalSection
																													GlobalSection(MonoDevelopProperties) = preSolution
		StartupItem = Assembly-CSharp.csproj
		Policies = $0
		$0.TextStylePolicy = $1
		$1.inheritsSet = null
		$1.scope = text/x-csharp
		$0.CSharpFormattingPolicy = $2
		$2.inheritsSet = Mono
		$2.inheritsScope = text/x-csharp
		$2.scope = text/x-csharp
		$0.TextStylePolicy = $3
		$3.FileWidth = 120
		$3.TabWidth = 4
		$3.IndentWidth = 4
		$3.EolMarker = Unix
		$3.inheritsSet = Mono
		$3.inheritsScope = text/plain
		$3.scope = text/plain
	EndGlobalSection

EndGlobal
